
Microsoft Visual Studio Solution File, Format Version 12.00
# Visual Studio Version 17
VisualStudioVersion = 17.3.32901.215
MinimumVisualStudioVersion = 10.0.40219.1
Project("{FAE04EC0-301F-11D3-BF4B-00C04F79EFBC}") = "AudioStreamer", "AudioStreamer\AudioStreamer.csproj", "{AB918074-AF02-4B8A-8EAD-7D261A8A9A21}"
EndProject
Global
	GlobalSection(SolutionConfigurationPlatforms) = preSolution
		Debug|Any CPU = Debug|Any CPU
		Release|Any CPU = Release|Any CPU
	EndGlobalSection
	GlobalSection(ProjectConfigurationPlatforms) = postSolution
		{AB918074-AF02-4B8A-8EAD-7D261A8A9A21}.Debug|Any CPU.ActiveCfg = Debug|Any CPU
		{AB918074-AF02-4B8A-8EAD-7D261A8A9A21}.Debug|Any CPU.Build.0 = Debug|Any CPU
		{AB918074-AF02-4B8A-8EAD-7D261A8A9A21}.Release|Any CPU.ActiveCfg = Release|Any CPU
		{AB918074-AF02-4B8A-8EAD-7D261A8A9A21}.Release|Any CPU.Build.0 = Release|Any CPU
	EndGlobalSection
	GlobalSection(SolutionProperties) = preSolution
		HideSolutionNode = FALSE
	EndGlobalSection
	GlobalSection(ExtensibilityGlobals) = postSolution
		SolutionGuid = {81E692F0-50ED-4FC6-A172-25DC9BB0ABC6}
	EndGlobalSection
EndGlobal
